
Microsoft Visual Studio Solution File, Format Version 12.00
# Visual Studio Version 17
VisualStudioVersion = 17.13.35931.197 d17.13
MinimumVisualStudioVersion = 10.0.40219.1
Project("{FAE04EC0-301F-11D3-BF4B-00C04F79EFBC}") = "PerkembanganApi", "PerkembanganApi\PerkembanganApi.csproj", "{67157CAF-8BD4-407C-8FFB-DABA2FF1F8CF}"
EndProject
Project("{FAE04EC0-301F-11D3-BF4B-00C04F79EFBC}") = "LaporanPerkembanganCLI", "LaporanPerkembanganCLI\LaporanPerkembanganCLI.csproj", "{F2244CDB-B338-4B3D-93A5-01FA927BD753}"
EndProject
Global
	GlobalSection(SolutionConfigurationPlatforms) = preSolution
		Debug|Any CPU = Debug|Any CPU
		Release|Any CPU = Release|Any CPU
	EndGlobalSection
	GlobalSection(ProjectConfigurationPlatforms) = postSolution
		{67157CAF-8BD4-407C-8FFB-DABA2FF1F8CF}.Debug|Any CPU.ActiveCfg = Debug|Any CPU
		{67157CAF-8BD4-407C-8FFB-DABA2FF1F8CF}.Debug|Any CPU.Build.0 = Debug|Any CPU
		{67157CAF-8BD4-407C-8FFB-DABA2FF1F8CF}.Release|Any CPU.ActiveCfg = Release|Any CPU
		{67157CAF-8BD4-407C-8FFB-DABA2FF1F8CF}.Release|Any CPU.Build.0 = Release|Any CPU
		{F2244CDB-B338-4B3D-93A5-01FA927BD753}.Debug|Any CPU.ActiveCfg = Debug|Any CPU
		{F2244CDB-B338-4B3D-93A5-01FA927BD753}.Debug|Any CPU.Build.0 = Debug|Any CPU
		{F2244CDB-B338-4B3D-93A5-01FA927BD753}.Release|Any CPU.ActiveCfg = Release|Any CPU
		{F2244CDB-B338-4B3D-93A5-01FA927BD753}.Release|Any CPU.Build.0 = Release|Any CPU
	EndGlobalSection
	GlobalSection(SolutionProperties) = preSolution
		HideSolutionNode = FALSE
	EndGlobalSection
	GlobalSection(ExtensibilityGlobals) = postSolution
		SolutionGuid = {0E20A438-A44A-497D-ABAF-D2330EFD549B}
	EndGlobalSection
EndGlobal
